{
    "name": "rfb2",
    "version": "0.2.2",
    "lockfileVersion": 2,
    "requires": true,
    "packages": {
        "": {
            "name": "rfb2",
            "version": "0.2.2",
            "devDependencies": {
                "@types/node": "6.0.58"
            },
            "engines": {
                "node": "*"
            }
        },
        "node_modules/@types/node": {
            "version": "6.0.58",
            "resolved": "https://registry.npmjs.org/@types/node/-/node-6.0.58.tgz",
            "integrity": "sha512-WUvM4bNn9G2sgv5uAyHhPbpa/an2Va9TfFkjZZdOxfArQMgkyvSEt1BiuVR9O+0Jp3EJpXfAAalfjA8qp1NiuA==",
            "dev": true
        }
    },
    "dependencies": {
        "@types/node": {
            "version": "6.0.58",
            "resolved": "https://registry.npmjs.org/@types/node/-/node-6.0.58.tgz",
            "integrity": "sha512-WUvM4bNn9G2sgv5uAyHhPbpa/an2Va9TfFkjZZdOxfArQMgkyvSEt1BiuVR9O+0Jp3EJpXfAAalfjA8qp1NiuA==",
            "dev": true
        }
    }
}
